Microsoft Visual Studio Solution File, Format Version 12.00
# Visual Studio 15
VisualStudioVersion = 15.0.27130.2024
MinimumVisualStudioVersion = 15.0.26124.0
Project("{9A19103F-16F7-4668-BE54-9A1E7A4F7556}") = "Threenine.Data", "Threenine.Data\Threenine.Data.csproj", "{DF94471D-B653-4D62-97D8-77DB72603098}"
EndProject
Global
	GlobalSection(SolutionConfigurationPlatforms) = preSolution
		Debug|Any CPU = Debug|Any CPU
		Debug|x64 = Debug|x64
		Debug|x86 = Debug|x86
		Release|Any CPU = Release|Any CPU
		Release|x64 = Release|x64
		Release|x86 = Release|x86
	EndGlobalSection
	GlobalSection(ProjectConfigurationPlatforms) = postSolution
		{DF94471D-B653-4D62-97D8-77DB72603098}.Debug|Any CPU.ActiveCfg = Debug|Any CPU
		{DF94471D-B653-4D62-97D8-77DB72603098}.Debug|Any CPU.Build.0 = Debug|Any CPU
		{DF94471D-B653-4D62-97D8-77DB72603098}.Debug|x64.ActiveCfg = Debug|Any CPU
		{DF94471D-B653-4D62-97D8-77DB72603098}.Debug|x64.Build.0 = Debug|Any CPU
		{DF94471D-B653-4D62-97D8-77DB72603098}.Debug|x86.ActiveCfg = Debug|Any CPU
		{DF94471D-B653-4D62-97D8-77DB72603098}.Debug|x86.Build.0 = Debug|Any CPU
		{DF94471D-B653-4D62-97D8-77DB72603098}.Release|Any CPU.ActiveCfg = Release|Any CPU
		{DF94471D-B653-4D62-97D8-77DB72603098}.Release|Any CPU.Build.0 = Release|Any CPU
		{DF94471D-B653-4D62-97D8-77DB72603098}.Release|x64.ActiveCfg = Release|Any CPU
		{DF94471D-B653-4D62-97D8-77DB72603098}.Release|x64.Build.0 = Release|Any CPU
		{DF94471D-B653-4D62-97D8-77DB72603098}.Release|x86.ActiveCfg = Release|Any CPU
		{DF94471D-B653-4D62-97D8-77DB72603098}.Release|x86.Build.0 = Release|Any CPU
	EndGlobalSection
	GlobalSection(SolutionProperties) = preSolution
		HideSolutionNode = FALSE
	EndGlobalSection
	GlobalSection(ExtensibilityGlobals) = postSolution
		SolutionGuid = {E7CD9DE1-467B-41F1-996E-8609CCB8E492}
	EndGlobalSection
EndGlobal
