
Microsoft Visual Studio Solution File, Format Version 12.00
# Visual Studio 15
VisualStudioVersion = 15.0.26124.0
MinimumVisualStudioVersion = 15.0.26124.0
Project("{2150E333-8FDC-42A3-9474-1A3956D46DE8}") = "samples", "samples", "{25C65EA1-459F-45E2-AA13-53A4F295C2B0}"
EndProject
Project("{FAE04EC0-301F-11D3-BF4B-00C04F79EFBC}") = "Sample", "samples\SampleDB\Sample.csproj", "{182E11B8-8FBF-479A-A1CC-91B79C509F79}"
EndProject
Project("{FAE04EC0-301F-11D3-BF4B-00C04F79EFBC}") = "SampleCoreMVCWebsite", "samples\SampleCoreMVCWebsite\SampleCoreMVCWebsite.csproj", "{0B58C66A-6018-4523-962B-C0542DEBE1F7}"
EndProject
Project("{FAE04EC0-301F-11D3-BF4B-00C04F79EFBC}") = "Threenine.Data", "src\Threenine.Data.csproj", "{776FC7D8-B1C5-4676-B93F-6FC466D8EFF7}"
EndProject
Global
	GlobalSection(SolutionConfigurationPlatforms) = preSolution
		Debug|Any CPU = Debug|Any CPU
		Debug|x64 = Debug|x64
		Debug|x86 = Debug|x86
		Release|Any CPU = Release|Any CPU
		Release|x64 = Release|x64
		Release|x86 = Release|x86
	EndGlobalSection
	GlobalSection(SolutionProperties) = preSolution
		HideSolutionNode = FALSE
	EndGlobalSection
	GlobalSection(ProjectConfigurationPlatforms) = postSolution
		{182E11B8-8FBF-479A-A1CC-91B79C509F79}.Debug|Any CPU.ActiveCfg = Debug|Any CPU
		{182E11B8-8FBF-479A-A1CC-91B79C509F79}.Debug|Any CPU.Build.0 = Debug|Any CPU
		{182E11B8-8FBF-479A-A1CC-91B79C509F79}.Debug|x64.ActiveCfg = Debug|Any CPU
		{182E11B8-8FBF-479A-A1CC-91B79C509F79}.Debug|x64.Build.0 = Debug|Any CPU
		{182E11B8-8FBF-479A-A1CC-91B79C509F79}.Debug|x86.ActiveCfg = Debug|Any CPU
		{182E11B8-8FBF-479A-A1CC-91B79C509F79}.Debug|x86.Build.0 = Debug|Any CPU
		{182E11B8-8FBF-479A-A1CC-91B79C509F79}.Release|Any CPU.ActiveCfg = Release|Any CPU
		{182E11B8-8FBF-479A-A1CC-91B79C509F79}.Release|Any CPU.Build.0 = Release|Any CPU
		{182E11B8-8FBF-479A-A1CC-91B79C509F79}.Release|x64.ActiveCfg = Release|Any CPU
		{182E11B8-8FBF-479A-A1CC-91B79C509F79}.Release|x64.Build.0 = Release|Any CPU
		{182E11B8-8FBF-479A-A1CC-91B79C509F79}.Release|x86.ActiveCfg = Release|Any CPU
		{182E11B8-8FBF-479A-A1CC-91B79C509F79}.Release|x86.Build.0 = Release|Any CPU
		{0B58C66A-6018-4523-962B-C0542DEBE1F7}.Debug|Any CPU.ActiveCfg = Debug|Any CPU
		{0B58C66A-6018-4523-962B-C0542DEBE1F7}.Debug|Any CPU.Build.0 = Debug|Any CPU
		{0B58C66A-6018-4523-962B-C0542DEBE1F7}.Debug|x64.ActiveCfg = Debug|Any CPU
		{0B58C66A-6018-4523-962B-C0542DEBE1F7}.Debug|x64.Build.0 = Debug|Any CPU
		{0B58C66A-6018-4523-962B-C0542DEBE1F7}.Debug|x86.ActiveCfg = Debug|Any CPU
		{0B58C66A-6018-4523-962B-C0542DEBE1F7}.Debug|x86.Build.0 = Debug|Any CPU
		{0B58C66A-6018-4523-962B-C0542DEBE1F7}.Release|Any CPU.ActiveCfg = Release|Any CPU
		{0B58C66A-6018-4523-962B-C0542DEBE1F7}.Release|Any CPU.Build.0 = Release|Any CPU
		{0B58C66A-6018-4523-962B-C0542DEBE1F7}.Release|x64.ActiveCfg = Release|Any CPU
		{0B58C66A-6018-4523-962B-C0542DEBE1F7}.Release|x64.Build.0 = Release|Any CPU
		{0B58C66A-6018-4523-962B-C0542DEBE1F7}.Release|x86.ActiveCfg = Release|Any CPU
		{0B58C66A-6018-4523-962B-C0542DEBE1F7}.Release|x86.Build.0 = Release|Any CPU
		{776FC7D8-B1C5-4676-B93F-6FC466D8EFF7}.Debug|Any CPU.ActiveCfg = Debug|Any CPU
		{776FC7D8-B1C5-4676-B93F-6FC466D8EFF7}.Debug|Any CPU.Build.0 = Debug|Any CPU
		{776FC7D8-B1C5-4676-B93F-6FC466D8EFF7}.Debug|x64.ActiveCfg = Debug|Any CPU
		{776FC7D8-B1C5-4676-B93F-6FC466D8EFF7}.Debug|x64.Build.0 = Debug|Any CPU
		{776FC7D8-B1C5-4676-B93F-6FC466D8EFF7}.Debug|x86.ActiveCfg = Debug|Any CPU
		{776FC7D8-B1C5-4676-B93F-6FC466D8EFF7}.Debug|x86.Build.0 = Debug|Any CPU
		{776FC7D8-B1C5-4676-B93F-6FC466D8EFF7}.Release|Any CPU.ActiveCfg = Release|Any CPU
		{776FC7D8-B1C5-4676-B93F-6FC466D8EFF7}.Release|Any CPU.Build.0 = Release|Any CPU
		{776FC7D8-B1C5-4676-B93F-6FC466D8EFF7}.Release|x64.ActiveCfg = Release|Any CPU
		{776FC7D8-B1C5-4676-B93F-6FC466D8EFF7}.Release|x64.Build.0 = Release|Any CPU
		{776FC7D8-B1C5-4676-B93F-6FC466D8EFF7}.Release|x86.ActiveCfg = Release|Any CPU
		{776FC7D8-B1C5-4676-B93F-6FC466D8EFF7}.Release|x86.Build.0 = Release|Any CPU
	EndGlobalSection
	GlobalSection(NestedProjects) = preSolution
		{182E11B8-8FBF-479A-A1CC-91B79C509F79} = {25C65EA1-459F-45E2-AA13-53A4F295C2B0}
		{0B58C66A-6018-4523-962B-C0542DEBE1F7} = {25C65EA1-459F-45E2-AA13-53A4F295C2B0}
	EndGlobalSection
EndGlobal
