Microsoft Visual Studio Solution File, Format Version 12.00
# Visual Studio 15
VisualStudioVersion = 15.0.27130.2036
MinimumVisualStudioVersion = 15.0.26124.0

Project("{FAE04EC0-301F-11D3-BF4B-00C04F79EFBC}") = "Threenine.Data", "src\Threenine.Data.csproj", "{436414D7-76B1-4203-BE3B-53AC7116632D}"
EndProject
Project("{2150E333-8FDC-42A3-9474-1A3956D46DE8}") = "Unit Tests", "Unit Tests", "{777F3CFA-4D37-43BF-A7ED-13DA581F8511}"
EndProject
Project("{FAE04EC0-301F-11D3-BF4B-00C04F79EFBC}") = "TestDatabase", "Tests\Database\TestDatabase.csproj", "{B820F59F-4C61-41D7-BB98-2766F327BBD6}"
EndProject
Project("{FAE04EC0-301F-11D3-BF4B-00C04F79EFBC}") = "Threenine.Data.Tests", "Tests\Threenine.Data.Tests\Threenine.Data.Tests.csproj", "{CCF3C100-2D8A-45EC-BDFA-741DDFA35C56}"
EndProject
Global
	GlobalSection(ProjectConfigurationPlatforms) = postSolution
		{B820F59F-4C61-41D7-BB98-2766F327BBD6}.Debug|Any CPU.ActiveCfg = Debug|Any CPU
		{B820F59F-4C61-41D7-BB98-2766F327BBD6}.Debug|Any CPU.Build.0 = Debug|Any CPU
		{B820F59F-4C61-41D7-BB98-2766F327BBD6}.Release|Any CPU.ActiveCfg = Release|Any CPU
		{B820F59F-4C61-41D7-BB98-2766F327BBD6}.Release|Any CPU.Build.0 = Release|Any CPU
		{436414D7-76B1-4203-BE3B-53AC7116632D}.Debug|Any CPU.ActiveCfg = Debug|Any CPU
		{436414D7-76B1-4203-BE3B-53AC7116632D}.Debug|Any CPU.Build.0 = Debug|Any CPU
		{436414D7-76B1-4203-BE3B-53AC7116632D}.Release|Any CPU.ActiveCfg = Release|Any CPU
		{436414D7-76B1-4203-BE3B-53AC7116632D}.Release|Any CPU.Build.0 = Release|Any CPU
		{CCF3C100-2D8A-45EC-BDFA-741DDFA35C56}.Debug|Any CPU.ActiveCfg = Debug|Any CPU
		{CCF3C100-2D8A-45EC-BDFA-741DDFA35C56}.Debug|Any CPU.Build.0 = Debug|Any CPU
		{CCF3C100-2D8A-45EC-BDFA-741DDFA35C56}.Release|Any CPU.ActiveCfg = Release|Any CPU
		{CCF3C100-2D8A-45EC-BDFA-741DDFA35C56}.Release|Any CPU.Build.0 = Release|Any CPU
	EndGlobalSection
	GlobalSection(NestedProjects) = preSolution
		{B820F59F-4C61-41D7-BB98-2766F327BBD6} = {777F3CFA-4D37-43BF-A7ED-13DA581F8511}
		{CCF3C100-2D8A-45EC-BDFA-741DDFA35C56} = {777F3CFA-4D37-43BF-A7ED-13DA581F8511}
	EndGlobalSection
	GlobalSection(SolutionConfigurationPlatforms) = preSolution
		Debug|Any CPU = Debug|Any CPU
		Release|Any CPU = Release|Any CPU
	EndGlobalSection
EndGlobal
