Microsoft Visual Studio Solution File, Format Version 12.00
# Visual Studio 15
VisualStudioVersion = 15.0.27130.2027
MinimumVisualStudioVersion = 15.0.26124.0
Project("{9A19103F-16F7-4668-BE54-9A1E7A4F7556}") = "Threenine.Data", "src\Threenine.Data.csproj", "{DF94471D-B653-4D62-97D8-77DB72603098}"
EndProject
Project("{2150E333-8FDC-42A3-9474-1A3956D46DE8}") = "Tests", "Tests", "{E4564824-A42B-4C0A-BDE0-BA923F25E70D}"
EndProject
Project("{9A19103F-16F7-4668-BE54-9A1E7A4F7556}") = "Threenine.Data.Tests", "Tests\Threenine.Data.Tests\Threenine.Data.Tests.csproj", "{E97827CB-2677-436F-B84A-F945072F7821}"
EndProject
Project("{9A19103F-16F7-4668-BE54-9A1E7A4F7556}") = "TestDatabase", "Tests\Database\TestDatabase.csproj", "{021F5D7A-72D6-4909-94D8-B7F31ADDC77D}"
EndProject
Global
	GlobalSection(SolutionConfigurationPlatforms) = preSolution
		Debug|Any CPU = Debug|Any CPU
		Debug|x64 = Debug|x64
		Debug|x86 = Debug|x86
		Release|Any CPU = Release|Any CPU
		Release|x64 = Release|x64
		Release|x86 = Release|x86
	EndGlobalSection
	GlobalSection(ProjectConfigurationPlatforms) = postSolution
		{DF94471D-B653-4D62-97D8-77DB72603098}.Debug|Any CPU.ActiveCfg = Debug|Any CPU
		{DF94471D-B653-4D62-97D8-77DB72603098}.Debug|Any CPU.Build.0 = Debug|Any CPU
		{DF94471D-B653-4D62-97D8-77DB72603098}.Debug|x64.ActiveCfg = Debug|Any CPU
		{DF94471D-B653-4D62-97D8-77DB72603098}.Debug|x64.Build.0 = Debug|Any CPU
		{DF94471D-B653-4D62-97D8-77DB72603098}.Debug|x86.ActiveCfg = Debug|Any CPU
		{DF94471D-B653-4D62-97D8-77DB72603098}.Debug|x86.Build.0 = Debug|Any CPU
		{DF94471D-B653-4D62-97D8-77DB72603098}.Release|Any CPU.ActiveCfg = Release|Any CPU
		{DF94471D-B653-4D62-97D8-77DB72603098}.Release|Any CPU.Build.0 = Release|Any CPU
		{DF94471D-B653-4D62-97D8-77DB72603098}.Release|x64.ActiveCfg = Release|Any CPU
		{DF94471D-B653-4D62-97D8-77DB72603098}.Release|x64.Build.0 = Release|Any CPU
		{DF94471D-B653-4D62-97D8-77DB72603098}.Release|x86.ActiveCfg = Release|Any CPU
		{DF94471D-B653-4D62-97D8-77DB72603098}.Release|x86.Build.0 = Release|Any CPU
		{E97827CB-2677-436F-B84A-F945072F7821}.Debug|Any CPU.ActiveCfg = Debug|Any CPU
		{E97827CB-2677-436F-B84A-F945072F7821}.Debug|Any CPU.Build.0 = Debug|Any CPU
		{E97827CB-2677-436F-B84A-F945072F7821}.Debug|x64.ActiveCfg = Debug|Any CPU
		{E97827CB-2677-436F-B84A-F945072F7821}.Debug|x64.Build.0 = Debug|Any CPU
		{E97827CB-2677-436F-B84A-F945072F7821}.Debug|x86.ActiveCfg = Debug|Any CPU
		{E97827CB-2677-436F-B84A-F945072F7821}.Debug|x86.Build.0 = Debug|Any CPU
		{E97827CB-2677-436F-B84A-F945072F7821}.Release|Any CPU.ActiveCfg = Release|Any CPU
		{E97827CB-2677-436F-B84A-F945072F7821}.Release|Any CPU.Build.0 = Release|Any CPU
		{E97827CB-2677-436F-B84A-F945072F7821}.Release|x64.ActiveCfg = Release|Any CPU
		{E97827CB-2677-436F-B84A-F945072F7821}.Release|x64.Build.0 = Release|Any CPU
		{E97827CB-2677-436F-B84A-F945072F7821}.Release|x86.ActiveCfg = Release|Any CPU
		{E97827CB-2677-436F-B84A-F945072F7821}.Release|x86.Build.0 = Release|Any CPU
		{021F5D7A-72D6-4909-94D8-B7F31ADDC77D}.Debug|Any CPU.ActiveCfg = Debug|Any CPU
		{021F5D7A-72D6-4909-94D8-B7F31ADDC77D}.Debug|Any CPU.Build.0 = Debug|Any CPU
		{021F5D7A-72D6-4909-94D8-B7F31ADDC77D}.Debug|x64.ActiveCfg = Debug|Any CPU
		{021F5D7A-72D6-4909-94D8-B7F31ADDC77D}.Debug|x64.Build.0 = Debug|Any CPU
		{021F5D7A-72D6-4909-94D8-B7F31ADDC77D}.Debug|x86.ActiveCfg = Debug|Any CPU
		{021F5D7A-72D6-4909-94D8-B7F31ADDC77D}.Debug|x86.Build.0 = Debug|Any CPU
		{021F5D7A-72D6-4909-94D8-B7F31ADDC77D}.Release|Any CPU.ActiveCfg = Release|Any CPU
		{021F5D7A-72D6-4909-94D8-B7F31ADDC77D}.Release|Any CPU.Build.0 = Release|Any CPU
		{021F5D7A-72D6-4909-94D8-B7F31ADDC77D}.Release|x64.ActiveCfg = Release|Any CPU
		{021F5D7A-72D6-4909-94D8-B7F31ADDC77D}.Release|x64.Build.0 = Release|Any CPU
		{021F5D7A-72D6-4909-94D8-B7F31ADDC77D}.Release|x86.ActiveCfg = Release|Any CPU
		{021F5D7A-72D6-4909-94D8-B7F31ADDC77D}.Release|x86.Build.0 = Release|Any CPU
	EndGlobalSection
	GlobalSection(SolutionProperties) = preSolution
		HideSolutionNode = FALSE
	EndGlobalSection
	GlobalSection(NestedProjects) = preSolution
		{E97827CB-2677-436F-B84A-F945072F7821} = {E4564824-A42B-4C0A-BDE0-BA923F25E70D}
		{021F5D7A-72D6-4909-94D8-B7F31ADDC77D} = {E4564824-A42B-4C0A-BDE0-BA923F25E70D}
	EndGlobalSection
	GlobalSection(ExtensibilityGlobals) = postSolution
		SolutionGuid = {E7CD9DE1-467B-41F1-996E-8609CCB8E492}
	EndGlobalSection
EndGlobal
